
Microsoft Visual Studio Solution File, Format Version 12.00
# Visual Studio Version 17
VisualStudioVersion = 17.11.35017.193
MinimumVisualStudioVersion = 10.0.40219.1
Project("{9A19103F-16F7-4668-BE54-9A1E7A4F7556}") = "TrabalhoDuro", "TrabalhoDuro\TrabalhoDuro.csproj", "{18002F42-7894-493B-B201-EB657931E378}"
EndProject
Project("{8BC9CEB8-8B4A-11D0-8D11-00A0C91BC942}") = "Sockets", "Sockets\Sockets.vcxproj", "{BC9A0E9F-2F6D-4E31-9026-9E7541DB73B7}"
EndProject
Project("{FAE04EC0-301F-11D3-BF4B-00C04F79EFBC}") = "Console", "Console\Console.csproj", "{A13D944B-7E8C-4A88-AD81-A5624C31FFCD}"
EndProject
Project("{FAE04EC0-301F-11D3-BF4B-00C04F79EFBC}") = "WpfApp1", "WpfApp1\WpfApp1.csproj", "{5DC7E0E3-7291-424D-9FC2-7D6CF13663E3}"
EndProject
Global
	GlobalSection(SolutionConfigurationPlatforms) = preSolution
		Debug|Any CPU = Debug|Any CPU
		Debug|ARM = Debug|ARM
		Debug|ARM64 = Debug|ARM64
		Debug|x64 = Debug|x64
		Debug|x86 = Debug|x86
		Release|Any CPU = Release|Any CPU
		Release|ARM = Release|ARM
		Release|ARM64 = Release|ARM64
		Release|x64 = Release|x64
		Release|x86 = Release|x86
	EndGlobalSection
	GlobalSection(ProjectConfigurationPlatforms) = postSolution
		{18002F42-7894-493B-B201-EB657931E378}.Debug|Any CPU.ActiveCfg = Debug|Any CPU
		{18002F42-7894-493B-B201-EB657931E378}.Debug|Any CPU.Build.0 = Debug|Any CPU
		{18002F42-7894-493B-B201-EB657931E378}.Debug|ARM.ActiveCfg = Debug|Any CPU
		{18002F42-7894-493B-B201-EB657931E378}.Debug|ARM.Build.0 = Debug|Any CPU
		{18002F42-7894-493B-B201-EB657931E378}.Debug|ARM64.ActiveCfg = Debug|Any CPU
		{18002F42-7894-493B-B201-EB657931E378}.Debug|ARM64.Build.0 = Debug|Any CPU
		{18002F42-7894-493B-B201-EB657931E378}.Debug|x64.ActiveCfg = Debug|Any CPU
		{18002F42-7894-493B-B201-EB657931E378}.Debug|x64.Build.0 = Debug|Any CPU
		{18002F42-7894-493B-B201-EB657931E378}.Debug|x86.ActiveCfg = Debug|Any CPU
		{18002F42-7894-493B-B201-EB657931E378}.Debug|x86.Build.0 = Debug|Any CPU
		{18002F42-7894-493B-B201-EB657931E378}.Release|Any CPU.ActiveCfg = Release|Any CPU
		{18002F42-7894-493B-B201-EB657931E378}.Release|Any CPU.Build.0 = Release|Any CPU
		{18002F42-7894-493B-B201-EB657931E378}.Release|ARM.ActiveCfg = Release|Any CPU
		{18002F42-7894-493B-B201-EB657931E378}.Release|ARM.Build.0 = Release|Any CPU
		{18002F42-7894-493B-B201-EB657931E378}.Release|ARM64.ActiveCfg = Release|Any CPU
		{18002F42-7894-493B-B201-EB657931E378}.Release|ARM64.Build.0 = Release|Any CPU
		{18002F42-7894-493B-B201-EB657931E378}.Release|x64.ActiveCfg = Release|Any CPU
		{18002F42-7894-493B-B201-EB657931E378}.Release|x64.Build.0 = Release|Any CPU
		{18002F42-7894-493B-B201-EB657931E378}.Release|x86.ActiveCfg = Release|Any CPU
		{18002F42-7894-493B-B201-EB657931E378}.Release|x86.Build.0 = Release|Any CPU
		{BC9A0E9F-2F6D-4E31-9026-9E7541DB73B7}.Debug|Any CPU.ActiveCfg = Debug|x64
		{BC9A0E9F-2F6D-4E31-9026-9E7541DB73B7}.Debug|Any CPU.Build.0 = Debug|x64
		{BC9A0E9F-2F6D-4E31-9026-9E7541DB73B7}.Debug|ARM.ActiveCfg = Debug|x64
		{BC9A0E9F-2F6D-4E31-9026-9E7541DB73B7}.Debug|ARM.Build.0 = Debug|x64
		{BC9A0E9F-2F6D-4E31-9026-9E7541DB73B7}.Debug|ARM64.ActiveCfg = Debug|x64
		{BC9A0E9F-2F6D-4E31-9026-9E7541DB73B7}.Debug|ARM64.Build.0 = Debug|x64
		{BC9A0E9F-2F6D-4E31-9026-9E7541DB73B7}.Debug|x64.ActiveCfg = Debug|x64
		{BC9A0E9F-2F6D-4E31-9026-9E7541DB73B7}.Debug|x64.Build.0 = Debug|x64
		{BC9A0E9F-2F6D-4E31-9026-9E7541DB73B7}.Debug|x86.ActiveCfg = Debug|Win32
		{BC9A0E9F-2F6D-4E31-9026-9E7541DB73B7}.Debug|x86.Build.0 = Debug|Win32
		{BC9A0E9F-2F6D-4E31-9026-9E7541DB73B7}.Release|Any CPU.ActiveCfg = Release|x64
		{BC9A0E9F-2F6D-4E31-9026-9E7541DB73B7}.Release|Any CPU.Build.0 = Release|x64
		{BC9A0E9F-2F6D-4E31-9026-9E7541DB73B7}.Release|ARM.ActiveCfg = Release|x64
		{BC9A0E9F-2F6D-4E31-9026-9E7541DB73B7}.Release|ARM.Build.0 = Release|x64
		{BC9A0E9F-2F6D-4E31-9026-9E7541DB73B7}.Release|ARM64.ActiveCfg = Release|x64
		{BC9A0E9F-2F6D-4E31-9026-9E7541DB73B7}.Release|ARM64.Build.0 = Release|x64
		{BC9A0E9F-2F6D-4E31-9026-9E7541DB73B7}.Release|x64.ActiveCfg = Release|x64
		{BC9A0E9F-2F6D-4E31-9026-9E7541DB73B7}.Release|x64.Build.0 = Release|x64
		{BC9A0E9F-2F6D-4E31-9026-9E7541DB73B7}.Release|x86.ActiveCfg = Release|Win32
		{BC9A0E9F-2F6D-4E31-9026-9E7541DB73B7}.Release|x86.Build.0 = Release|Win32
		{A13D944B-7E8C-4A88-AD81-A5624C31FFCD}.Debug|Any CPU.ActiveCfg = Debug|Any CPU
		{A13D944B-7E8C-4A88-AD81-A5624C31FFCD}.Debug|Any CPU.Build.0 = Debug|Any CPU
		{A13D944B-7E8C-4A88-AD81-A5624C31FFCD}.Debug|ARM.ActiveCfg = Debug|Any CPU
		{A13D944B-7E8C-4A88-AD81-A5624C31FFCD}.Debug|ARM.Build.0 = Debug|Any CPU
		{A13D944B-7E8C-4A88-AD81-A5624C31FFCD}.Debug|ARM64.ActiveCfg = Debug|Any CPU
		{A13D944B-7E8C-4A88-AD81-A5624C31FFCD}.Debug|ARM64.Build.0 = Debug|Any CPU
		{A13D944B-7E8C-4A88-AD81-A5624C31FFCD}.Debug|x64.ActiveCfg = Debug|Any CPU
		{A13D944B-7E8C-4A88-AD81-A5624C31FFCD}.Debug|x64.Build.0 = Debug|Any CPU
		{A13D944B-7E8C-4A88-AD81-A5624C31FFCD}.Debug|x86.ActiveCfg = Debug|Any CPU
		{A13D944B-7E8C-4A88-AD81-A5624C31FFCD}.Debug|x86.Build.0 = Debug|Any CPU
		{A13D944B-7E8C-4A88-AD81-A5624C31FFCD}.Release|Any CPU.ActiveCfg = Release|Any CPU
		{A13D944B-7E8C-4A88-AD81-A5624C31FFCD}.Release|Any CPU.Build.0 = Release|Any CPU
		{A13D944B-7E8C-4A88-AD81-A5624C31FFCD}.Release|ARM.ActiveCfg = Release|Any CPU
		{A13D944B-7E8C-4A88-AD81-A5624C31FFCD}.Release|ARM.Build.0 = Release|Any CPU
		{A13D944B-7E8C-4A88-AD81-A5624C31FFCD}.Release|ARM64.ActiveCfg = Release|Any CPU
		{A13D944B-7E8C-4A88-AD81-A5624C31FFCD}.Release|ARM64.Build.0 = Release|Any CPU
		{A13D944B-7E8C-4A88-AD81-A5624C31FFCD}.Release|x64.ActiveCfg = Release|Any CPU
		{A13D944B-7E8C-4A88-AD81-A5624C31FFCD}.Release|x64.Build.0 = Release|Any CPU
		{A13D944B-7E8C-4A88-AD81-A5624C31FFCD}.Release|x86.ActiveCfg = Release|Any CPU
		{A13D944B-7E8C-4A88-AD81-A5624C31FFCD}.Release|x86.Build.0 = Release|Any CPU
		{5DC7E0E3-7291-424D-9FC2-7D6CF13663E3}.Debug|Any CPU.ActiveCfg = Debug|Any CPU
		{5DC7E0E3-7291-424D-9FC2-7D6CF13663E3}.Debug|Any CPU.Build.0 = Debug|Any CPU
		{5DC7E0E3-7291-424D-9FC2-7D6CF13663E3}.Debug|ARM.ActiveCfg = Debug|Any CPU
		{5DC7E0E3-7291-424D-9FC2-7D6CF13663E3}.Debug|ARM.Build.0 = Debug|Any CPU
		{5DC7E0E3-7291-424D-9FC2-7D6CF13663E3}.Debug|ARM64.ActiveCfg = Debug|Any CPU
		{5DC7E0E3-7291-424D-9FC2-7D6CF13663E3}.Debug|ARM64.Build.0 = Debug|Any CPU
		{5DC7E0E3-7291-424D-9FC2-7D6CF13663E3}.Debug|x64.ActiveCfg = Debug|Any CPU
		{5DC7E0E3-7291-424D-9FC2-7D6CF13663E3}.Debug|x64.Build.0 = Debug|Any CPU
		{5DC7E0E3-7291-424D-9FC2-7D6CF13663E3}.Debug|x86.ActiveCfg = Debug|Any CPU
		{5DC7E0E3-7291-424D-9FC2-7D6CF13663E3}.Debug|x86.Build.0 = Debug|Any CPU
		{5DC7E0E3-7291-424D-9FC2-7D6CF13663E3}.Release|Any CPU.ActiveCfg = Release|Any CPU
		{5DC7E0E3-7291-424D-9FC2-7D6CF13663E3}.Release|Any CPU.Build.0 = Release|Any CPU
		{5DC7E0E3-7291-424D-9FC2-7D6CF13663E3}.Release|ARM.ActiveCfg = Release|Any CPU
		{5DC7E0E3-7291-424D-9FC2-7D6CF13663E3}.Release|ARM.Build.0 = Release|Any CPU
		{5DC7E0E3-7291-424D-9FC2-7D6CF13663E3}.Release|ARM64.ActiveCfg = Release|Any CPU
		{5DC7E0E3-7291-424D-9FC2-7D6CF13663E3}.Release|ARM64.Build.0 = Release|Any CPU
		{5DC7E0E3-7291-424D-9FC2-7D6CF13663E3}.Release|x64.ActiveCfg = Release|Any CPU
		{5DC7E0E3-7291-424D-9FC2-7D6CF13663E3}.Release|x64.Build.0 = Release|Any CPU
		{5DC7E0E3-7291-424D-9FC2-7D6CF13663E3}.Release|x86.ActiveCfg = Release|Any CPU
		{5DC7E0E3-7291-424D-9FC2-7D6CF13663E3}.Release|x86.Build.0 = Release|Any CPU
	EndGlobalSection
	GlobalSection(SolutionProperties) = preSolution
		HideSolutionNode = FALSE
	EndGlobalSection
	GlobalSection(ExtensibilityGlobals) = postSolution
		SolutionGuid = {BAED19B3-605B-4763-AEBA-18DB3495B7B6}
	EndGlobalSection
EndGlobal
